
Microsoft Visual Studio Solution File, Format Version 12.00
# Visual Studio Version 17
VisualStudioVersion = 17.14.36623.8 d17.14
MinimumVisualStudioVersion = 10.0.40219.1
Project("{FAE04EC0-301F-11D3-BF4B-00C04F79EFBC}") = "CourierService.Core", "CourierService\CourierService.Core.csproj", "{98FAA5E3-DC56-4375-81EA-18F93E6E683F}"
EndProject
Project("{FAE04EC0-301F-11D3-BF4B-00C04F79EFBC}") = "CourierService.Core.Tests", "CourierService.Core.Tests\CourierService.Core.Tests.csproj", "{36E889A1-5888-4DFD-BC6E-A6B89FB9F58B}"
EndProject
Global
	GlobalSection(SolutionConfigurationPlatforms) = preSolution
		Debug|Any CPU = Debug|Any CPU
		Release|Any CPU = Release|Any CPU
	EndGlobalSection
	GlobalSection(ProjectConfigurationPlatforms) = postSolution
		{98FAA5E3-DC56-4375-81EA-18F93E6E683F}.Debug|Any CPU.ActiveCfg = Debug|Any CPU
		{98FAA5E3-DC56-4375-81EA-18F93E6E683F}.Debug|Any CPU.Build.0 = Debug|Any CPU
		{98FAA5E3-DC56-4375-81EA-18F93E6E683F}.Release|Any CPU.ActiveCfg = Release|Any CPU
		{98FAA5E3-DC56-4375-81EA-18F93E6E683F}.Release|Any CPU.Build.0 = Release|Any CPU
		{36E889A1-5888-4DFD-BC6E-A6B89FB9F58B}.Debug|Any CPU.ActiveCfg = Debug|Any CPU
		{36E889A1-5888-4DFD-BC6E-A6B89FB9F58B}.Debug|Any CPU.Build.0 = Debug|Any CPU
		{36E889A1-5888-4DFD-BC6E-A6B89FB9F58B}.Release|Any CPU.ActiveCfg = Release|Any CPU
		{36E889A1-5888-4DFD-BC6E-A6B89FB9F58B}.Release|Any CPU.Build.0 = Release|Any CPU
	EndGlobalSection
	GlobalSection(SolutionProperties) = preSolution
		HideSolutionNode = FALSE
	EndGlobalSection
	GlobalSection(ExtensibilityGlobals) = postSolution
		SolutionGuid = {8CDFD179-9F61-4F72-926B-5B6BB1376844}
	EndGlobalSection
EndGlobal
